Microsoft Visual Studio Solution File, Format Version 12.00
# Visual Studio Version 17
VisualStudioVersion = 17.13.35913.81
MinimumVisualStudioVersion = 10.0.40219.1
Project("{FAE04EC0-301F-11D3-BF4B-00C04F79EFBC}") = "JogoDeAdivinhcao.ConsoleApp", "JogoDeAdivinhcao.ConsoleApp\JogoDeAdivinhcao.ConsoleApp.csproj", "{0933F766-0F32-4CB7-B9C4-FC1BC4B969A5}"
EndProject
Global
	GlobalSection(SolutionConfigurationPlatforms) = preSolution
		Debug|Any CPU = Debug|Any CPU
		Release|Any CPU = Release|Any CPU
	EndGlobalSection
	GlobalSection(ProjectConfigurationPlatforms) = postSolution
		{0933F766-0F32-4CB7-B9C4-FC1BC4B969A5}.Debug|Any CPU.ActiveCfg = Debug|Any CPU
		{0933F766-0F32-4CB7-B9C4-FC1BC4B969A5}.Debug|Any CPU.Build.0 = Debug|Any CPU
		{0933F766-0F32-4CB7-B9C4-FC1BC4B969A5}.Release|Any CPU.ActiveCfg = Release|Any CPU
		{0933F766-0F32-4CB7-B9C4-FC1BC4B969A5}.Release|Any CPU.Build.0 = Release|Any CPU
	EndGlobalSection
	GlobalSection(SolutionProperties) = preSolution
		HideSolutionNode = FALSE
	EndGlobalSection
	GlobalSection(ExtensibilityGlobals) = postSolution
		SolutionGuid = {40051395-8C09-44CA-B4D8-8926738AF9CB}
	EndGlobalSection
EndGlobal
